
Microsoft Visual Studio Solution File, Format Version 12.00
# Visual Studio Version 16
VisualStudioVersion = 16.0.29215.179
MinimumVisualStudioVersion = 10.0.40219.1
Project("{FAE04EC0-301F-11D3-BF4B-00C04F79EFBC}") = "VundacTemplateApp", "VundacTemplateApp\VundacTemplateApp\VundacTemplateApp.csproj", "{4ABA0F81-E268-4CE8-8DD8-E7659CE7BD71}"
EndProject
Project("{FAE04EC0-301F-11D3-BF4B-00C04F79EFBC}") = "VundacTemplateApp.Android", "VundacTemplateApp\VundacTemplateApp.Android\VundacTemplateApp.Android.csproj", "{4B5B9A58-A01D-4E80-8F3C-5D106C34848E}"
EndProject
Project("{FAE04EC0-301F-11D3-BF4B-00C04F79EFBC}") = "VundacTemplateApp.iOS", "VundacTemplateApp\VundacTemplateApp.iOS\VundacTemplateApp.iOS.csproj", "{E2AB24AC-1609-4F20-B914-A0634C042036}"
EndProject
Global
	GlobalSection(SolutionConfigurationPlatforms) = preSolution
		Ad-Hoc|Any CPU = Ad-Hoc|Any CPU
		Ad-Hoc|iPhone = Ad-Hoc|iPhone
		Ad-Hoc|iPhoneSimulator = Ad-Hoc|iPhoneSimulator
		AppStore|Any CPU = AppStore|Any CPU
		AppStore|iPhone = AppStore|iPhone
		AppStore|iPhoneSimulator = AppStore|iPhoneSimulator
		Debug|Any CPU = Debug|Any CPU
		Debug|iPhone = Debug|iPhone
		Debug|iPhoneSimulator = Debug|iPhoneSimulator
		Release|Any CPU = Release|Any CPU
		Release|iPhone = Release|iPhone
		Release|iPhoneSimulator = Release|iPhoneSimulator
	EndGlobalSection
	GlobalSection(ProjectConfigurationPlatforms) = postSolution
		{4ABA0F81-E268-4CE8-8DD8-E7659CE7BD71}.Ad-Hoc|Any CPU.ActiveCfg = Debug|Any CPU
		{4ABA0F81-E268-4CE8-8DD8-E7659CE7BD71}.Ad-Hoc|Any CPU.Build.0 = Debug|Any CPU
		{4ABA0F81-E268-4CE8-8DD8-E7659CE7BD71}.Ad-Hoc|iPhone.ActiveCfg = Debug|Any CPU
		{4ABA0F81-E268-4CE8-8DD8-E7659CE7BD71}.Ad-Hoc|iPhone.Build.0 = Debug|Any CPU
		{4ABA0F81-E268-4CE8-8DD8-E7659CE7BD71}.Ad-Hoc|iPhoneSimulator.ActiveCfg = Debug|Any CPU
		{4ABA0F81-E268-4CE8-8DD8-E7659CE7BD71}.Ad-Hoc|iPhoneSimulator.Build.0 = Debug|Any CPU
		{4ABA0F81-E268-4CE8-8DD8-E7659CE7BD71}.AppStore|Any CPU.ActiveCfg = Debug|Any CPU
		{4ABA0F81-E268-4CE8-8DD8-E7659CE7BD71}.AppStore|Any CPU.Build.0 = Debug|Any CPU
		{4ABA0F81-E268-4CE8-8DD8-E7659CE7BD71}.AppStore|iPhone.ActiveCfg = Debug|Any CPU
		{4ABA0F81-E268-4CE8-8DD8-E7659CE7BD71}.AppStore|iPhone.Build.0 = Debug|Any CPU
		{4ABA0F81-E268-4CE8-8DD8-E7659CE7BD71}.AppStore|iPhoneSimulator.ActiveCfg = Debug|Any CPU
		{4ABA0F81-E268-4CE8-8DD8-E7659CE7BD71}.AppStore|iPhoneSimulator.Build.0 = Debug|Any CPU
		{4ABA0F81-E268-4CE8-8DD8-E7659CE7BD71}.Debug|Any CPU.ActiveCfg = Debug|Any CPU
		{4ABA0F81-E268-4CE8-8DD8-E7659CE7BD71}.Debug|Any CPU.Build.0 = Debug|Any CPU
		{4ABA0F81-E268-4CE8-8DD8-E7659CE7BD71}.Debug|iPhone.ActiveCfg = Debug|Any CPU
		{4ABA0F81-E268-4CE8-8DD8-E7659CE7BD71}.Debug|iPhone.Build.0 = Debug|Any CPU
		{4ABA0F81-E268-4CE8-8DD8-E7659CE7BD71}.Debug|iPhoneSimulator.ActiveCfg = Debug|Any CPU
		{4ABA0F81-E268-4CE8-8DD8-E7659CE7BD71}.Debug|iPhoneSimulator.Build.0 = Debug|Any CPU
		{4ABA0F81-E268-4CE8-8DD8-E7659CE7BD71}.Release|Any CPU.ActiveCfg = Release|Any CPU
		{4ABA0F81-E268-4CE8-8DD8-E7659CE7BD71}.Release|Any CPU.Build.0 = Release|Any CPU
		{4ABA0F81-E268-4CE8-8DD8-E7659CE7BD71}.Release|iPhone.ActiveCfg = Release|Any CPU
		{4ABA0F81-E268-4CE8-8DD8-E7659CE7BD71}.Release|iPhone.Build.0 = Release|Any CPU
		{4ABA0F81-E268-4CE8-8DD8-E7659CE7BD71}.Release|iPhoneSimulator.ActiveCfg = Release|Any CPU
		{4ABA0F81-E268-4CE8-8DD8-E7659CE7BD71}.Release|iPhoneSimulator.Build.0 = Release|Any CPU
		{4B5B9A58-A01D-4E80-8F3C-5D106C34848E}.Ad-Hoc|Any CPU.ActiveCfg = Release|Any CPU
		{4B5B9A58-A01D-4E80-8F3C-5D106C34848E}.Ad-Hoc|Any CPU.Build.0 = Release|Any CPU
		{4B5B9A58-A01D-4E80-8F3C-5D106C34848E}.Ad-Hoc|Any CPU.Deploy.0 = Release|Any CPU
		{4B5B9A58-A01D-4E80-8F3C-5D106C34848E}.Ad-Hoc|iPhone.ActiveCfg = Release|Any CPU
		{4B5B9A58-A01D-4E80-8F3C-5D106C34848E}.Ad-Hoc|iPhone.Build.0 = Release|Any CPU
		{4B5B9A58-A01D-4E80-8F3C-5D106C34848E}.Ad-Hoc|iPhone.Deploy.0 = Release|Any CPU
		{4B5B9A58-A01D-4E80-8F3C-5D106C34848E}.Ad-Hoc|iPhoneSimulator.ActiveCfg = Release|Any CPU
		{4B5B9A58-A01D-4E80-8F3C-5D106C34848E}.Ad-Hoc|iPhoneSimulator.Build.0 = Release|Any CPU
		{4B5B9A58-A01D-4E80-8F3C-5D106C34848E}.Ad-Hoc|iPhoneSimulator.Deploy.0 = Release|Any CPU
		{4B5B9A58-A01D-4E80-8F3C-5D106C34848E}.AppStore|Any CPU.ActiveCfg = Release|Any CPU
		{4B5B9A58-A01D-4E80-8F3C-5D106C34848E}.AppStore|Any CPU.Build.0 = Release|Any CPU
		{4B5B9A58-A01D-4E80-8F3C-5D106C34848E}.AppStore|Any CPU.Deploy.0 = Release|Any CPU
		{4B5B9A58-A01D-4E80-8F3C-5D106C34848E}.AppStore|iPhone.ActiveCfg = Release|Any CPU
		{4B5B9A58-A01D-4E80-8F3C-5D106C34848E}.AppStore|iPhone.Build.0 = Release|Any CPU
		{4B5B9A58-A01D-4E80-8F3C-5D106C34848E}.AppStore|iPhone.Deploy.0 = Release|Any CPU
		{4B5B9A58-A01D-4E80-8F3C-5D106C34848E}.AppStore|iPhoneSimulator.ActiveCfg = Release|Any CPU
		{4B5B9A58-A01D-4E80-8F3C-5D106C34848E}.AppStore|iPhoneSimulator.Build.0 = Release|Any CPU
		{4B5B9A58-A01D-4E80-8F3C-5D106C34848E}.AppStore|iPhoneSimulator.Deploy.0 = Release|Any CPU
		{4B5B9A58-A01D-4E80-8F3C-5D106C34848E}.Debug|Any CPU.ActiveCfg = Debug|Any CPU
		{4B5B9A58-A01D-4E80-8F3C-5D106C34848E}.Debug|Any CPU.Build.0 = Debug|Any CPU
		{4B5B9A58-A01D-4E80-8F3C-5D106C34848E}.Debug|Any CPU.Deploy.0 = Debug|Any CPU
		{4B5B9A58-A01D-4E80-8F3C-5D106C34848E}.Debug|iPhone.ActiveCfg = Debug|Any CPU
		{4B5B9A58-A01D-4E80-8F3C-5D106C34848E}.Debug|iPhone.Build.0 = Debug|Any CPU
		{4B5B9A58-A01D-4E80-8F3C-5D106C34848E}.Debug|iPhone.Deploy.0 = Debug|Any CPU
		{4B5B9A58-A01D-4E80-8F3C-5D106C34848E}.Debug|iPhoneSimulator.ActiveCfg = Debug|Any CPU
		{4B5B9A58-A01D-4E80-8F3C-5D106C34848E}.Debug|iPhoneSimulator.Build.0 = Debug|Any CPU
		{4B5B9A58-A01D-4E80-8F3C-5D106C34848E}.Debug|iPhoneSimulator.Deploy.0 = Debug|Any CPU
		{4B5B9A58-A01D-4E80-8F3C-5D106C34848E}.Release|Any CPU.ActiveCfg = Release|Any CPU
		{4B5B9A58-A01D-4E80-8F3C-5D106C34848E}.Release|Any CPU.Build.0 = Release|Any CPU
		{4B5B9A58-A01D-4E80-8F3C-5D106C34848E}.Release|Any CPU.Deploy.0 = Release|Any CPU
		{4B5B9A58-A01D-4E80-8F3C-5D106C34848E}.Release|iPhone.ActiveCfg = Release|Any CPU
		{4B5B9A58-A01D-4E80-8F3C-5D106C34848E}.Release|iPhone.Build.0 = Release|Any CPU
		{4B5B9A58-A01D-4E80-8F3C-5D106C34848E}.Release|iPhone.Deploy.0 = Release|Any CPU
		{4B5B9A58-A01D-4E80-8F3C-5D106C34848E}.Release|iPhoneSimulator.ActiveCfg = Release|Any CPU
		{4B5B9A58-A01D-4E80-8F3C-5D106C34848E}.Release|iPhoneSimulator.Build.0 = Release|Any CPU
		{4B5B9A58-A01D-4E80-8F3C-5D106C34848E}.Release|iPhoneSimulator.Deploy.0 = Release|Any CPU
		{E2AB24AC-1609-4F20-B914-A0634C042036}.Ad-Hoc|Any CPU.ActiveCfg = Ad-Hoc|iPhone
		{E2AB24AC-1609-4F20-B914-A0634C042036}.Ad-Hoc|iPhone.ActiveCfg = Ad-Hoc|iPhone
		{E2AB24AC-1609-4F20-B914-A0634C042036}.Ad-Hoc|iPhone.Build.0 = Ad-Hoc|iPhone
		{E2AB24AC-1609-4F20-B914-A0634C042036}.Ad-Hoc|iPhoneSimulator.ActiveCfg = Ad-Hoc|iPhoneSimulator
		{E2AB24AC-1609-4F20-B914-A0634C042036}.Ad-Hoc|iPhoneSimulator.Build.0 = Ad-Hoc|iPhoneSimulator
		{E2AB24AC-1609-4F20-B914-A0634C042036}.AppStore|Any CPU.ActiveCfg = AppStore|iPhone
		{E2AB24AC-1609-4F20-B914-A0634C042036}.AppStore|iPhone.ActiveCfg = AppStore|iPhone
		{E2AB24AC-1609-4F20-B914-A0634C042036}.AppStore|iPhone.Build.0 = AppStore|iPhone
		{E2AB24AC-1609-4F20-B914-A0634C042036}.AppStore|iPhoneSimulator.ActiveCfg = AppStore|iPhoneSimulator
		{E2AB24AC-1609-4F20-B914-A0634C042036}.AppStore|iPhoneSimulator.Build.0 = AppStore|iPhoneSimulator
		{E2AB24AC-1609-4F20-B914-A0634C042036}.Debug|Any CPU.ActiveCfg = Debug|iPhone
		{E2AB24AC-1609-4F20-B914-A0634C042036}.Debug|iPhone.ActiveCfg = Debug|iPhone
		{E2AB24AC-1609-4F20-B914-A0634C042036}.Debug|iPhone.Build.0 = Debug|iPhone
		{E2AB24AC-1609-4F20-B914-A0634C042036}.Debug|iPhoneSimulator.ActiveCfg = Debug|iPhoneSimulator
		{E2AB24AC-1609-4F20-B914-A0634C042036}.Debug|iPhoneSimulator.Build.0 = Debug|iPhoneSimulator
		{E2AB24AC-1609-4F20-B914-A0634C042036}.Release|Any CPU.ActiveCfg = Release|iPhone
		{E2AB24AC-1609-4F20-B914-A0634C042036}.Release|iPhone.ActiveCfg = Release|iPhone
		{E2AB24AC-1609-4F20-B914-A0634C042036}.Release|iPhone.Build.0 = Release|iPhone
		{E2AB24AC-1609-4F20-B914-A0634C042036}.Release|iPhoneSimulator.ActiveCfg = Release|iPhoneSimulator
		{E2AB24AC-1609-4F20-B914-A0634C042036}.Release|iPhoneSimulator.Build.0 = Release|iPhoneSimulator
	EndGlobalSection
	GlobalSection(SolutionProperties) = preSolution
		HideSolutionNode = FALSE
	EndGlobalSection
	GlobalSection(ExtensibilityGlobals) = postSolution
		SolutionGuid = {E5B911B8-B661-4F11-B62D-D514EF493985}
	EndGlobalSection
EndGlobal
